// !$*UTF8*$!
{
	archiveVersion = 1;
	classes = {
	};
	objectVersion = 50;
	objects = {

/* Begin PBXBuildFile section */
		3F2A86DE26E4C22100952819 /* AppDelegate.swift in Sources */ = {isa = PBXBuildFile; fileRef = 3F2A86DD26E4C22100952819 /* AppDelegate.swift */; };
		3F2A86E026E4C22100952819 /* SceneDelegate.swift in Sources */ = {isa = PBXBuildFile; fileRef = 3F2A86DF26E4C22100952819 /* SceneDelegate.swift */; };
		3F2A86E226E4C22100952819 /* ViewController.swift in Sources */ = {isa = PBXBuildFile; fileRef = 3F2A86E126E4C22100952819 /* ViewController.swift */; };
		3F2A86E526E4C22100952819 /* Main.storyboard in Resources */ = {isa = PBXBuildFile; fileRef = 3F2A86E326E4C22100952819 /* Main.storyboard */; };
		3F2A86E726E4C22200952819 /* Assets.xcassets in Resources */ = {isa = PBXBuildFile; fileRef = 3F2A86E626E4C22200952819 /* Assets.xcassets */; };
		3F2A86EA26E4C22200952819 /* LaunchScreen.storyboard in Resources */ = {isa = PBXBuildFile; fileRef = 3F2A86E826E4C22200952819 /* LaunchScreen.storyboard */; };
		3F2A86F526E4C22300952819 /* RBWebImageDemoTests.swift in Sources */ = {isa = PBXBuildFile; fileRef = 3F2A86F426E4C22300952819 /* RBWebImageDemoTests.swift */; };
		3F2A870026E4C22300952819 /* RBWebImageDemoUITests.swift in Sources */ = {isa = PBXBuildFile; fileRef = 3F2A86FF26E4C22300952819 /* RBWebImageDemoUITests.swift */; };
		3F2A871226E4CBB300952819 /* UIImageView+RBWebImage.swift in Sources */ = {isa = PBXBuildFile; fileRef = 3F2A871126E4CBB300952819 /* UIImageView+RBWebImage.swift */; };
		3F2A871A26E4E99600952819 /* RBWebImageCach.swift in Sources */ = {isa = PBXBuildFile; fileRef = 3F2A871926E4E99600952819 /* RBWebImageCach.swift */; };
		3F3C02D926E7BB110050094E /* RBWebImageProtocol.swift in Sources */ = {isa = PBXBuildFile; fileRef = 3F3C02D826E7BB110050094E /* RBWebImageProtocol.swift */; };
/* End PBXBuildFile section */

/* Begin PBXContainerItemProxy section */
		3F2A86F126E4C22300952819 /* PBXContainerItemProxy */ = {
			isa = PBXContainerItemProxy;
			containerPortal = 3F2A86D226E4C22100952819 /* Project object */;
			proxyType = 1;
			remoteGlobalIDString = 3F2A86D926E4C22100952819;
			remoteInfo = RBWebImageDemo;
		};
		3F2A86FC26E4C22300952819 /* PBXContainerItemProxy */ = {
			isa = PBXContainerItemProxy;
			containerPortal = 3F2A86D226E4C22100952819 /* Project object */;
			proxyType = 1;
			remoteGlobalIDString = 3F2A86D926E4C22100952819;
			remoteInfo = RBWebImageDemo;
		};
/* End PBXContainerItemProxy section */

/* Begin PBXFileReference section */
		3F2A86DA26E4C22100952819 /* RBWebImageDemo.app */ = {isa = PBXFileReference; explicitFileType = wrapper.application; includeInIndex = 0; path = RBWebImageDemo.app; sourceTree = BUILT_PRODUCTS_DIR; };
		3F2A86DD26E4C22100952819 /* AppDelegate.swift */ = {isa = PBXFileReference; lastKnownFileType = sourcecode.swift; path = AppDelegate.swift; sourceTree = "<group>"; };
		3F2A86DF26E4C22100952819 /* SceneDelegate.swift */ = {isa = PBXFileReference; lastKnownFileType = sourcecode.swift; path = SceneDelegate.swift; sourceTree = "<group>"; };
		3F2A86E126E4C22100952819 /* ViewController.swift */ = {isa = PBXFileReference; lastKnownFileType = sourcecode.swift; path = ViewController.swift; sourceTree = "<group>"; };
		3F2A86E426E4C22100952819 /* Base */ = {isa = PBXFileReference; lastKnownFileType = file.storyboard; name = Base; path = Base.lproj/Main.storyboard; sourceTree = "<group>"; };
		3F2A86E626E4C22200952819 /* Assets.xcassets */ = {isa = PBXFileReference; lastKnownFileType = folder.assetcatalog; path = Assets.xcassets; sourceTree = "<group>"; };
		3F2A86E926E4C22200952819 /* Base */ = {isa = PBXFileReference; lastKnownFileType = file.storyboard; name = Base; path = Base.lproj/LaunchScreen.storyboard; sourceTree = "<group>"; };
		3F2A86EB26E4C22200952819 /* Info.plist */ = {isa = PBXFileReference; lastKnownFileType = text.plist.xml; path = Info.plist; sourceTree = "<group>"; };
		3F2A86F026E4C22300952819 /* RBWebImageDemoTests.xctest */ = {isa = PBXFileReference; explicitFileType = wrapper.cfbundle; includeInIndex = 0; path = RBWebImageDemoTests.xctest; sourceTree = BUILT_PRODUCTS_DIR; };
		3F2A86F426E4C22300952819 /* RBWebImageDemoTests.swift */ = {isa = PBXFileReference; lastKnownFileType = sourcecode.swift; path = RBWebImageDemoTests.swift; sourceTree = "<group>"; };
		3F2A86F626E4C22300952819 /* Info.plist */ = {isa = PBXFileReference; lastKnownFileType = text.plist.xml; path = Info.plist; sourceTree = "<group>"; };
		3F2A86FB26E4C22300952819 /* RBWebImageDemoUITests.xctest */ = {isa = PBXFileReference; explicitFileType = wrapper.cfbundle; includeInIndex = 0; path = RBWebImageDemoUITests.xctest; sourceTree = BUILT_PRODUCTS_DIR; };
		3F2A86FF26E4C22300952819 /* RBWebImageDemoUITests.swift */ = {isa = PBXFileReference; lastKnownFileType = sourcecode.swift; path = RBWebImageDemoUITests.swift; sourceTree = "<group>"; };
		3F2A870126E4C22300952819 /* Info.plist */ = {isa = PBXFileReference; lastKnownFileType = text.plist.xml; path = Info.plist; sourceTree = "<group>"; };
		3F2A871126E4CBB300952819 /* UIImageView+RBWebImage.swift */ = {isa = PBXFileReference; lastKnownFileType = sourcecode.swift; path = "UIImageView+RBWebImage.swift"; sourceTree = "<group>"; };
		3F2A871926E4E99600952819 /* RBWebImageCach.swift */ = {isa = PBXFileReference; lastKnownFileType = sourcecode.swift; path = RBWebImageCach.swift; sourceTree = "<group>"; };
		3F3C02D826E7BB110050094E /* RBWebImageProtocol.swift */ = {isa = PBXFileReference; lastKnownFileType = sourcecode.swift; path = RBWebImageProtocol.swift; sourceTree = "<group>"; };
/* End PBXFileReference section */

/* Begin PBXFrameworksBuildPhase section */
		3F2A86D726E4C22100952819 /* Frameworks */ = {
			isa = PBXFrameworksBuildPhase;
			buildActionMask = 2147483647;
			files = (
			);
			runOnlyForDeploymentPostprocessing = 0;
		};
		3F2A86ED26E4C22300952819 /* Frameworks */ = {
			isa = PBXFrameworksBuildPhase;
			buildActionMask = 2147483647;
			files = (
			);
			runOnlyForDeploymentPostprocessing = 0;
		};
		3F2A86F826E4C22300952819 /* Frameworks */ = {
			isa = PBXFrameworksBuildPhase;
			buildActionMask = 2147483647;
			files = (
			);
			runOnlyForDeploymentPostprocessing = 0;
		};
/* End PBXFrameworksBuildPhase section */

/* Begin PBXGroup section */
		3F2A86D126E4C22100952819 = {
			isa = PBXGroup;
			children = (
				3F2A86DC26E4C22100952819 /* RBWebImageDemo */,
				3F2A86F326E4C22300952819 /* RBWebImageDemoTests */,
				3F2A86FE26E4C22300952819 /* RBWebImageDemoUITests */,
				3F2A86DB26E4C22100952819 /* Products */,
			);
			sourceTree = "<group>";
		};
		3F2A86DB26E4C22100952819 /* Products */ = {
			isa = PBXGroup;
			children = (
				3F2A86DA26E4C22100952819 /* RBWebImageDemo.app */,
				3F2A86F026E4C22300952819 /* RBWebImageDemoTests.xctest */,
				3F2A86FB26E4C22300952819 /* RBWebImageDemoUITests.xctest */,
			);
			name = Products;
			sourceTree = "<group>";
		};
		3F2A86DC26E4C22100952819 /* RBWebImageDemo */ = {
			isa = PBXGroup;
			children = (
				3F2A871026E4C67E00952819 /* RBWebImage */,
				3F2A86DD26E4C22100952819 /* AppDelegate.swift */,
				3F2A86DF26E4C22100952819 /* SceneDelegate.swift */,
				3F2A86E126E4C22100952819 /* ViewController.swift */,
				3F2A86E326E4C22100952819 /* Main.storyboard */,
				3F2A86E626E4C22200952819 /* Assets.xcassets */,
				3F2A86E826E4C22200952819 /* LaunchScreen.storyboard */,
				3F2A86EB26E4C22200952819 /* Info.plist */,
			);
			path = RBWebImageDemo;
			sourceTree = "<group>";
		};
		3F2A86F326E4C22300952819 /* RBWebImageDemoTests */ = {
			isa = PBXGroup;
			children = (
				3F2A86F426E4C22300952819 /* RBWebImageDemoTests.swift */,
				3F2A86F626E4C22300952819 /* Info.plist */,
			);
			path = RBWebImageDemoTests;
			sourceTree = "<group>";
		};
		3F2A86FE26E4C22300952819 /* RBWebImageDemoUITests */ = {
			isa = PBXGroup;
			children = (
				3F2A86FF26E4C22300952819 /* RBWebImageDemoUITests.swift */,
				3F2A870126E4C22300952819 /* Info.plist */,
			);
			path = RBWebImageDemoUITests;
			sourceTree = "<group>";
		};
		3F2A871026E4C67E00952819 /* RBWebImage */ = {
			isa = PBXGroup;
			children = (
				3F2A871126E4CBB300952819 /* UIImageView+RBWebImage.swift */,
				3F2A871926E4E99600952819 /* RBWebImageCach.swift */,
				3F3C02D826E7BB110050094E /* RBWebImageProtocol.swift */,
			);
			path = RBWebImage;
			sourceTree = "<group>";
		};
/* End PBXGroup section */

/* Begin PBXNativeTarget section */
		3F2A86D926E4C22100952819 /* RBWebImageDemo */ = {
			isa = PBXNativeTarget;
			buildConfigurationList = 3F2A870426E4C22300952819 /* Build configuration list for PBXNativeTarget "RBWebImageDemo" */;
			buildPhases = (
				3F2A86D626E4C22100952819 /* Sources */,
				3F2A86D726E4C22100952819 /* Frameworks */,
				3F2A86D826E4C22100952819 /* Resources */,
			);
			buildRules = (
			);
			dependencies = (
			);
			name = RBWebImageDemo;
			productName = RBWebImageDemo;
			productReference = 3F2A86DA26E4C22100952819 /* RBWebImageDemo.app */;
			productType = "com.apple.product-type.application";
		};
		3F2A86EF26E4C22300952819 /* RBWebImageDemoTests */ = {
			isa = PBXNativeTarget;
			buildConfigurationList = 3F2A870726E4C22300952819 /* Build configuration list for PBXNativeTarget "RBWebImageDemoTests" */;
			buildPhases = (
				3F2A86EC26E4C22300952819 /* Sources */,
				3F2A86ED26E4C22300952819 /* Frameworks */,
				3F2A86EE26E4C22300952819 /* Resources */,
			);
			buildRules = (
			);
			dependencies = (
				3F2A86F226E4C22300952819 /* PBXTargetDependency */,
			);
			name = RBWebImageDemoTests;
			productName = RBWebImageDemoTests;
			productReference = 3F2A86F026E4C22300952819 /* RBWebImageDemoTests.xctest */;
			productType = "com.apple.product-type.bundle.unit-test";
		};
		3F2A86FA26E4C22300952819 /* RBWebImageDemoUITests */ = {
			isa = PBXNativeTarget;
			buildConfigurationList = 3F2A870A26E4C22300952819 /* Build configuration list for PBXNativeTarget "RBWebImageDemoUITests" */;
			buildPhases = (
				3F2A86F726E4C22300952819 /* Sources */,
				3F2A86F826E4C22300952819 /* Frameworks */,
				3F2A86F926E4C22300952819 /* Resources */,
			);
			buildRules = (
			);
			dependencies = (
				3F2A86FD26E4C22300952819 /* PBXTargetDependency */,
			);
			name = RBWebImageDemoUITests;
			productName = RBWebImageDemoUITests;
			productReference = 3F2A86FB26E4C22300952819 /* RBWebImageDemoUITests.xctest */;
			productType = "com.apple.product-type.bundle.ui-testing";
		};
/* End PBXNativeTarget section */

/* Begin PBXProject section */
		3F2A86D226E4C22100952819 /* Project object */ = {
			isa = PBXProject;
			attributes = {
				LastSwiftUpdateCheck = 1240;
				LastUpgradeCheck = 1240;
				TargetAttributes = {
					3F2A86D926E4C22100952819 = {
						CreatedOnToolsVersion = 12.4;
					};
					3F2A86EF26E4C22300952819 = {
						CreatedOnToolsVersion = 12.4;
						TestTargetID = 3F2A86D926E4C22100952819;
					};
					3F2A86FA26E4C22300952819 = {
						CreatedOnToolsVersion = 12.4;
						TestTargetID = 3F2A86D926E4C22100952819;
					};
				};
			};
			buildConfigurationList = 3F2A86D526E4C22100952819 /* Build configuration list for PBXProject "RBWebImageDemo" */;
			compatibilityVersion = "Xcode 9.3";
			developmentRegion = en;
			hasScannedForEncodings = 0;
			knownRegions = (
				en,
				Base,
			);
			mainGroup = 3F2A86D126E4C22100952819;
			productRefGroup = 3F2A86DB26E4C22100952819 /* Products */;
			projectDirPath = "";
			projectRoot = "";
			targets = (
				3F2A86D926E4C22100952819 /* RBWebImageDemo */,
				3F2A86EF26E4C22300952819 /* RBWebImageDemoTests */,
				3F2A86FA26E4C22300952819 /* RBWebImageDemoUITests */,
			);
		};
/* End PBXProject section */

/* Begin PBXResourcesBuildPhase section */
		3F2A86D826E4C22100952819 /* Resources */ = {
			isa = PBXResourcesBuildPhase;
			buildActionMask = 2147483647;
			files = (
				3F2A86EA26E4C22200952819 /* LaunchScreen.storyboard in Resources */,
				3F2A86E726E4C22200952819 /* Assets.xcassets in Resources */,
				3F2A86E526E4C22100952819 /* Main.storyboard in Resources */,
			);
			runOnlyForDeploymentPostprocessing = 0;
		};
		3F2A86EE26E4C22300952819 /* Resources */ = {
			isa = PBXResourcesBuildPhase;
			buildActionMask = 2147483647;
			files = (
			);
			runOnlyForDeploymentPostprocessing = 0;
		};
		3F2A86F926E4C22300952819 /* Resources */ = {
			isa = PBXResourcesBuildPhase;
			buildActionMask = 2147483647;
			files = (
			);
			runOnlyForDeploymentPostprocessing = 0;
		};
/* End PBXResourcesBuildPhase section */

/* Begin PBXSourcesBuildPhase section */
		3F2A86D626E4C22100952819 /* Sources */ = {
			isa = PBXSourcesBuildPhase;
			buildActionMask = 2147483647;
			files = (
				3F3C02D926E7BB110050094E /* RBWebImageProtocol.swift in Sources */,
				3F2A86E226E4C22100952819 /* ViewController.swift in Sources */,
				3F2A871A26E4E99600952819 /* RBWebImageCach.swift in Sources */,
				3F2A86DE26E4C22100952819 /* AppDelegate.swift in Sources */,
				3F2A86E026E4C22100952819 /* SceneDelegate.swift in Sources */,
				3F2A871226E4CBB300952819 /* UIImageView+RBWebImage.swift in Sources */,
			);
			runOnlyForDeploymentPostprocessing = 0;
		};
		3F2A86EC26E4C22300952819 /* Sources */ = {
			isa = PBXSourcesBuildPhase;
			buildActionMask = 2147483647;
			files = (
				3F2A86F526E4C22300952819 /* RBWebImageDemoTests.swift in Sources */,
			);
			runOnlyForDeploymentPostprocessing = 0;
		};
		3F2A86F726E4C22300952819 /* Sources */ = {
			isa = PBXSourcesBuildPhase;
			buildActionMask = 2147483647;
			files = (
				3F2A870026E4C22300952819 /* RBWebImageDemoUITests.swift in Sources */,
			);
			runOnlyForDeploymentPostprocessing = 0;
		};
/* End PBXSourcesBuildPhase section */

/* Begin PBXTargetDependency section */
		3F2A86F226E4C22300952819 /* PBXTargetDependency */ = {
			isa = PBXTargetDependency;
			target = 3F2A86D926E4C22100952819 /* RBWebImageDemo */;
			targetProxy = 3F2A86F126E4C22300952819 /* PBXContainerItemProxy */;
		};
		3F2A86FD26E4C22300952819 /* PBXTargetDependency */ = {
			isa = PBXTargetDependency;
			target = 3F2A86D926E4C22100952819 /* RBWebImageDemo */;
			targetProxy = 3F2A86FC26E4C22300952819 /* PBXContainerItemProxy */;
		};
/* End PBXTargetDependency section */

/* Begin PBXVariantGroup section */
		3F2A86E326E4C22100952819 /* Main.storyboard */ = {
			isa = PBXVariantGroup;
			children = (
				3F2A86E426E4C22100952819 /* Base */,
			);
			name = Main.storyboard;
			sourceTree = "<group>";
		};
		3F2A86E826E4C22200952819 /* LaunchScreen.storyboard */ = {
			isa = PBXVariantGroup;
			children = (
				3F2A86E926E4C22200952819 /* Base */,
			);
			name = LaunchScreen.storyboard;
			sourceTree = "<group>";
		};
/* End PBXVariantGroup section */

/* Begin XCBuildConfiguration section */
		3F2A870226E4C22300952819 /* Debug */ = {
			isa = XCBuildConfiguration;
			buildSettings = {
				ALWAYS_SEARCH_USER_PATHS = NO;
				CLANG_ANALYZER_NONNULL = YES;
				CLANG_ANALYZER_NUMBER_OBJECT_CONVERSION = YES_AGGRESSIVE;
				CLANG_CXX_LANGUAGE_STANDARD = "gnu++14";
				CLANG_CXX_LIBRARY = "libc++";
				CLANG_ENABLE_MODULES = YES;
				CLANG_ENABLE_OBJC_ARC = YES;
				CLANG_ENABLE_OBJC_WEAK = YES;
				CLANG_WARN_BLOCK_CAPTURE_AUTORELEASING = YES;
				CLANG_WARN_BOOL_CONVERSION = YES;
				CLANG_WARN_COMMA = YES;
				CLANG_WARN_CONSTANT_CONVERSION = YES;
				CLANG_WARN_DEPRECATED_OBJC_IMPLEMENTATIONS = YES;
				CLANG_WARN_DIRECT_OBJC_ISA_USAGE = YES_ERROR;
				CLANG_WARN_DOCUMENTATION_COMMENTS = YES;
				CLANG_WARN_EMPTY_BODY = YES;
				CLANG_WARN_ENUM_CONVERSION = YES;
				CLANG_WARN_INFINITE_RECURSION = YES;
				CLANG_WARN_INT_CONVERSION = YES;
				CLANG_WARN_NON_LITERAL_NULL_CONVERSION = YES;
				CLANG_WARN_OBJC_IMPLICIT_RETAIN_SELF = YES;
				CLANG_WARN_OBJC_LITERAL_CONVERSION = YES;
				CLANG_WARN_OBJC_ROOT_CLASS = YES_ERROR;
				CLANG_WARN_QUOTED_INCLUDE_IN_FRAMEWORK_HEADER = YES;
				CLANG_WARN_RANGE_LOOP_ANALYSIS = YES;
				CLANG_WARN_STRICT_PROTOTYPES = YES;
				CLANG_WARN_SUSPICIOUS_MOVE = YES;
				CLANG_WARN_UNGUARDED_AVAILABILITY = YES_AGGRESSIVE;
				CLANG_WARN_UNREACHABLE_CODE = YES;
				CLANG_WARN__DUPLICATE_METHOD_MATCH = YES;
				COPY_PHASE_STRIP = NO;
				DEBUG_INFORMATION_FORMAT = dwarf;
				ENABLE_STRICT_OBJC_MSGSEND = YES;
				ENABLE_TESTABILITY = YES;
				GCC_C_LANGUAGE_STANDARD = gnu11;
				GCC_DYNAMIC_NO_PIC = NO;
				GCC_NO_COMMON_BLOCKS = YES;
				GCC_OPTIMIZATION_LEVEL = 0;
				GCC_PREPROCESSOR_DEFINITIONS = (
					"DEBUG=1",
					"$(inherited)",
				);
				GCC_WARN_64_TO_32_BIT_CONVERSION = YES;
				GCC_WARN_ABOUT_RETURN_TYPE = YES_ERROR;
				GCC_WARN_UNDECLARED_SELECTOR = YES;
				GCC_WARN_UNINITIALIZED_AUTOS = YES_AGGRESSIVE;
				GCC_WARN_UNUSED_FUNCTION = YES;
				GCC_WARN_UNUSED_VARIABLE = YES;
				IPHONEOS_DEPLOYMENT_TARGET = 14.4;
				MTL_ENABLE_DEBUG_INFO = INCLUDE_SOURCE;
				MTL_FAST_MATH = YES;
				ONLY_ACTIVE_ARCH = YES;
				SDKROOT = iphoneos;
				SWIFT_ACTIVE_COMPILATION_CONDITIONS = DEBUG;
				SWIFT_OPTIMIZATION_LEVEL = "-Onone";
			};
			name = Debug;
		};
		3F2A870326E4C22300952819 /* Release */ = {
			isa = XCBuildConfiguration;
			buildSettings = {
				ALWAYS_SEARCH_USER_PATHS = NO;
				CLANG_ANALYZER_NONNULL = YES;
				CLANG_ANALYZER_NUMBER_OBJECT_CONVERSION = YES_AGGRESSIVE;
				CLANG_CXX_LANGUAGE_STANDARD = "gnu++14";
				CLANG_CXX_LIBRARY = "libc++";
				CLANG_ENABLE_MODULES = YES;
				CLANG_ENABLE_OBJC_ARC = YES;
				CLANG_ENABLE_OBJC_WEAK = YES;
				CLANG_WARN_BLOCK_CAPTURE_AUTORELEASING = YES;
				CLANG_WARN_BOOL_CONVERSION = YES;
				CLANG_WARN_COMMA = YES;
				CLANG_WARN_CONSTANT_CONVERSION = YES;
				CLANG_WARN_DEPRECATED_OBJC_IMPLEMENTATIONS = YES;
				CLANG_WARN_DIRECT_OBJC_ISA_USAGE = YES_ERROR;
				CLANG_WARN_DOCUMENTATION_COMMENTS = YES;
				CLANG_WARN_EMPTY_BODY = YES;
				CLANG_WARN_ENUM_CONVERSION = YES;
				CLANG_WARN_INFINITE_RECURSION = YES;
				CLANG_WARN_INT_CONVERSION = YES;
				CLANG_WARN_NON_LITERAL_NULL_CONVERSION = YES;
				CLANG_WARN_OBJC_IMPLICIT_RETAIN_SELF = YES;
				CLANG_WARN_OBJC_LITERAL_CONVERSION = YES;
				CLANG_WARN_OBJC_ROOT_CLASS = YES_ERROR;
				CLANG_WARN_QUOTED_INCLUDE_IN_FRAMEWORK_HEADER = YES;
				CLANG_WARN_RANGE_LOOP_ANALYSIS = YES;
				CLANG_WARN_STRICT_PROTOTYPES = YES;
				CLANG_WARN_SUSPICIOUS_MOVE = YES;
				CLANG_WARN_UNGUARDED_AVAILABILITY = YES_AGGRESSIVE;
				CLANG_WARN_UNREACHABLE_CODE = YES;
				CLANG_WARN__DUPLICATE_METHOD_MATCH = YES;
				COPY_PHASE_STRIP = NO;
				DEBUG_INFORMATION_FORMAT = "dwarf-with-dsym";
				ENABLE_NS_ASSERTIONS = NO;
				ENABLE_STRICT_OBJC_MSGSEND = YES;
				GCC_C_LANGUAGE_STANDARD = gnu11;
				GCC_NO_COMMON_BLOCKS = YES;
				GCC_WARN_64_TO_32_BIT_CONVERSION = YES;
				GCC_WARN_ABOUT_RETURN_TYPE = YES_ERROR;
				GCC_WARN_UNDECLARED_SELECTOR = YES;
				GCC_WARN_UNINITIALIZED_AUTOS = YES_AGGRESSIVE;
				GCC_WARN_UNUSED_FUNCTION = YES;
				GCC_WARN_UNUSED_VARIABLE = YES;
				IPHONEOS_DEPLOYMENT_TARGET = 14.4;
				MTL_ENABLE_DEBUG_INFO = NO;
				MTL_FAST_MATH = YES;
				SDKROOT = iphoneos;
				SWIFT_COMPILATION_MODE = wholemodule;
				SWIFT_OPTIMIZATION_LEVEL = "-O";
				VALIDATE_PRODUCT = YES;
			};
			name = Release;
		};
		3F2A870526E4C22300952819 /* Debug */ = {
			isa = XCBuildConfiguration;
			buildSettings = {
				ASSETCATALOG_COMPILER_APPICON_NAME = AppIcon;
				ASSETCATALOG_COMPILER_GLOBAL_ACCENT_COLOR_NAME = AccentColor;
				CODE_SIGN_STYLE = Automatic;
				DEVELOPMENT_TEAM = 9PH5R5QL5V;
				INFOPLIST_FILE = RBWebImageDemo/Info.plist;
				LD_RUNPATH_SEARCH_PATHS = (
					"$(inherited)",
					"@executable_path/Frameworks",
				);
				PRODUCT_BUNDLE_IDENTIFIER = Rxiansheng.RBWebImageDemo;
				PRODUCT_NAME = "$(TARGET_NAME)";
				SWIFT_VERSION = 5.0;
				TARGETED_DEVICE_FAMILY = "1,2";
			};
			name = Debug;
		};
		3F2A870626E4C22300952819 /* Release */ = {
			isa = XCBuildConfiguration;
			buildSettings = {
				ASSETCATALOG_COMPILER_APPICON_NAME = AppIcon;
				ASSETCATALOG_COMPILER_GLOBAL_ACCENT_COLOR_NAME = AccentColor;
				CODE_SIGN_STYLE = Automatic;
				DEVELOPMENT_TEAM = 9PH5R5QL5V;
				INFOPLIST_FILE = RBWebImageDemo/Info.plist;
				LD_RUNPATH_SEARCH_PATHS = (
					"$(inherited)",
					"@executable_path/Frameworks",
				);
				PRODUCT_BUNDLE_IDENTIFIER = Rxiansheng.RBWebImageDemo;
				PRODUCT_NAME = "$(TARGET_NAME)";
				SWIFT_VERSION = 5.0;
				TARGETED_DEVICE_FAMILY = "1,2";
			};
			name = Release;
		};
		3F2A870826E4C22300952819 /* Debug */ = {
			isa = XCBuildConfiguration;
			buildSettings = {
				ALWAYS_EMBED_SWIFT_STANDARD_LIBRARIES = YES;
				BUNDLE_LOADER = "$(TEST_HOST)";
				CODE_SIGN_STYLE = Automatic;
				DEVELOPMENT_TEAM = 9PH5R5QL5V;
				INFOPLIST_FILE = RBWebImageDemoTests/Info.plist;
				IPHONEOS_DEPLOYMENT_TARGET = 14.4;
				LD_RUNPATH_SEARCH_PATHS = (
					"$(inherited)",
					"@executable_path/Frameworks",
					"@loader_path/Frameworks",
				);
				PRODUCT_BUNDLE_IDENTIFIER = Rxiansheng.RBWebImageDemoTests;
				PRODUCT_NAME = "$(TARGET_NAME)";
				SWIFT_VERSION = 5.0;
				TARGETED_DEVICE_FAMILY = "1,2";
				TEST_HOST = "$(BUILT_PRODUCTS_DIR)/RBWebImageDemo.app/RBWebImageDemo";
			};
			name = Debug;
		};
		3F2A870926E4C22300952819 /* Release */ = {
			isa = XCBuildConfiguration;
			buildSettings = {
				ALWAYS_EMBED_SWIFT_STANDARD_LIBRARIES = YES;
				BUNDLE_LOADER = "$(TEST_HOST)";
				CODE_SIGN_STYLE = Automatic;
				DEVELOPMENT_TEAM = 9PH5R5QL5V;
				INFOPLIST_FILE = RBWebImageDemoTests/Info.plist;
				IPHONEOS_DEPLOYMENT_TARGET = 14.4;
				LD_RUNPATH_SEARCH_PATHS = (
					"$(inherited)",
					"@executable_path/Frameworks",
					"@loader_path/Frameworks",
				);
				PRODUCT_BUNDLE_IDENTIFIER = Rxiansheng.RBWebImageDemoTests;
				PRODUCT_NAME = "$(TARGET_NAME)";
				SWIFT_VERSION = 5.0;
				TARGETED_DEVICE_FAMILY = "1,2";
				TEST_HOST = "$(BUILT_PRODUCTS_DIR)/RBWebImageDemo.app/RBWebImageDemo";
			};
			name = Release;
		};
		3F2A870B26E4C22300952819 /* Debug */ = {
			isa = XCBuildConfiguration;
			buildSettings = {
				ALWAYS_EMBED_SWIFT_STANDARD_LIBRARIES = YES;
				CODE_SIGN_STYLE = Automatic;
				DEVELOPMENT_TEAM = 9PH5R5QL5V;
				INFOPLIST_FILE = RBWebImageDemoUITests/Info.plist;
				LD_RUNPATH_SEARCH_PATHS = (
					"$(inherited)",
					"@executable_path/Frameworks",
					"@loader_path/Frameworks",
				);
				PRODUCT_BUNDLE_IDENTIFIER = Rxiansheng.RBWebImageDemoUITests;
				PRODUCT_NAME = "$(TARGET_NAME)";
				SWIFT_VERSION = 5.0;
				TARGETED_DEVICE_FAMILY = "1,2";
				TEST_TARGET_NAME = RBWebImageDemo;
			};
			name = Debug;
		};
		3F2A870C26E4C22300952819 /* Release */ = {
			isa = XCBuildConfiguration;
			buildSettings = {
				ALWAYS_EMBED_SWIFT_STANDARD_LIBRARIES = YES;
				CODE_SIGN_STYLE = Automatic;
				DEVELOPMENT_TEAM = 9PH5R5QL5V;
				INFOPLIST_FILE = RBWebImageDemoUITests/Info.plist;
				LD_RUNPATH_SEARCH_PATHS = (
					"$(inherited)",
					"@executable_path/Frameworks",
					"@loader_path/Frameworks",
				);
				PRODUCT_BUNDLE_IDENTIFIER = Rxiansheng.RBWebImageDemoUITests;
				PRODUCT_NAME = "$(TARGET_NAME)";
				SWIFT_VERSION = 5.0;
				TARGETED_DEVICE_FAMILY = "1,2";
				TEST_TARGET_NAME = RBWebImageDemo;
			};
			name = Release;
		};
/* End XCBuildConfiguration section */

/* Begin XCConfigurationList section */
		3F2A86D526E4C22100952819 /* Build configuration list for PBXProject "RBWebImageDemo" */ = {
			isa = XCConfigurationList;
			buildConfigurations = (
				3F2A870226E4C22300952819 /* Debug */,
				3F2A870326E4C22300952819 /* Release */,
			);
			defaultConfigurationIsVisible = 0;
			defaultConfigurationName = Release;
		};
		3F2A870426E4C22300952819 /* Build configuration list for PBXNativeTarget "RBWebImageDemo" */ = {
			isa = XCConfigurationList;
			buildConfigurations = (
				3F2A870526E4C22300952819 /* Debug */,
				3F2A870626E4C22300952819 /* Release */,
			);
			defaultConfigurationIsVisible = 0;
			defaultConfigurationName = Release;
		};
		3F2A870726E4C22300952819 /* Build configuration list for PBXNativeTarget "RBWebImageDemoTests" */ = {
			isa = XCConfigurationList;
			buildConfigurations = (
				3F2A870826E4C22300952819 /* Debug */,
				3F2A870926E4C22300952819 /* Release */,
			);
			defaultConfigurationIsVisible = 0;
			defaultConfigurationName = Release;
		};
		3F2A870A26E4C22300952819 /* Build configuration list for PBXNativeTarget "RBWebImageDemoUITests" */ = {
			isa = XCConfigurationList;
			buildConfigurations = (
				3F2A870B26E4C22300952819 /* Debug */,
				3F2A870C26E4C22300952819 /* Release */,
			);
			defaultConfigurationIsVisible = 0;
			defaultConfigurationName = Release;
		};
/* End XCConfigurationList section */
	};
	rootObject = 3F2A86D226E4C22100952819 /* Project object */;
}
